
Microsoft Visual Studio Solution File, Format Version 12.00
# Visual Studio Version 17
VisualStudioVersion = 17.2.32616.157
MinimumVisualStudioVersion = 10.0.40219.1
Project("{FAE04EC0-301F-11D3-BF4B-00C04F79EFBC}") = "ConsoleTest", "ConsoleTest\ConsoleTest.csproj", "{9CAD55B4-C8FC-4F2F-B40E-B5DDA2981CB4}"
EndProject
Project("{FAE04EC0-301F-11D3-BF4B-00C04F79EFBC}") = "DataCommon", "DataCommon\DataCommon.csproj", "{A910A023-85D4-4503-82BA-AED3304FE88F}"
EndProject
Project("{FAE04EC0-301F-11D3-BF4B-00C04F79EFBC}") = "WinFormsApp1", "WinFormsApp1\WinFormsApp1.csproj", "{39B27E07-B6F0-4544-B6E8-23F9708D87A3}"
EndProject
Global
	GlobalSection(SolutionConfigurationPlatforms) = preSolution
		Debug|Any CPU = Debug|Any CPU
		Release|Any CPU = Release|Any CPU
	EndGlobalSection
	GlobalSection(ProjectConfigurationPlatforms) = postSolution
		{9CAD55B4-C8FC-4F2F-B40E-B5DDA2981CB4}.Debug|Any CPU.ActiveCfg = Debug|Any CPU
		{9CAD55B4-C8FC-4F2F-B40E-B5DDA2981CB4}.Debug|Any CPU.Build.0 = Debug|Any CPU
		{9CAD55B4-C8FC-4F2F-B40E-B5DDA2981CB4}.Release|Any CPU.ActiveCfg = Release|Any CPU
		{9CAD55B4-C8FC-4F2F-B40E-B5DDA2981CB4}.Release|Any CPU.Build.0 = Release|Any CPU
		{A910A023-85D4-4503-82BA-AED3304FE88F}.Debug|Any CPU.ActiveCfg = Debug|Any CPU
		{A910A023-85D4-4503-82BA-AED3304FE88F}.Debug|Any CPU.Build.0 = Debug|Any CPU
		{A910A023-85D4-4503-82BA-AED3304FE88F}.Release|Any CPU.ActiveCfg = Release|Any CPU
		{A910A023-85D4-4503-82BA-AED3304FE88F}.Release|Any CPU.Build.0 = Release|Any CPU
		{39B27E07-B6F0-4544-B6E8-23F9708D87A3}.Debug|Any CPU.ActiveCfg = Debug|Any CPU
		{39B27E07-B6F0-4544-B6E8-23F9708D87A3}.Debug|Any CPU.Build.0 = Debug|Any CPU
		{39B27E07-B6F0-4544-B6E8-23F9708D87A3}.Release|Any CPU.ActiveCfg = Release|Any CPU
		{39B27E07-B6F0-4544-B6E8-23F9708D87A3}.Release|Any CPU.Build.0 = Release|Any CPU
	EndGlobalSection
	GlobalSection(SolutionProperties) = preSolution
		HideSolutionNode = FALSE
	EndGlobalSection
	GlobalSection(ExtensibilityGlobals) = postSolution
		SolutionGuid = {155AB6EE-0356-44C0-9949-E591FDF424D2}
	EndGlobalSection
EndGlobal
